
Microsoft Visual Studio Solution File, Format Version 12.00
# Visual Studio Version 17
VisualStudioVersion = 17.3.32819.101
MinimumVisualStudioVersion = 10.0.40219.1
Project("{FAE04EC0-301F-11D3-BF4B-00C04F79EFBC}") = "LOGIN", "LOGIN\LOGIN.csproj", "{7C9C67E3-CC09-46D6-9986-CBF7F84D9259}"
EndProject
Project("{FAE04EC0-301F-11D3-BF4B-00C04F79EFBC}") = "LOADING", "LOADING\LOADING.csproj", "{05DF70ED-8F54-494A-956F-03FB753C11EB}"
EndProject
Project("{FAE04EC0-301F-11D3-BF4B-00C04F79EFBC}") = "COMPRADOR_regis", "COMPRADOR_regis\COMPRADOR_regis.csproj", "{7C61F289-9960-4AC2-BF77-EA13B77321BD}"
EndProject
Project("{FAE04EC0-301F-11D3-BF4B-00C04F79EFBC}") = "VENDEDOR_regis", "VENDEDOR_regis\VENDEDOR_regis.csproj", "{543821B2-29E6-4D15-976D-E732E3BB2D73}"
EndProject
Global
	GlobalSection(SolutionConfigurationPlatforms) = preSolution
		Debug|Any CPU = Debug|Any CPU
		Release|Any CPU = Release|Any CPU
	EndGlobalSection
	GlobalSection(ProjectConfigurationPlatforms) = postSolution
		{7C9C67E3-CC09-46D6-9986-CBF7F84D9259}.Debug|Any CPU.ActiveCfg = Debug|Any CPU
		{7C9C67E3-CC09-46D6-9986-CBF7F84D9259}.Debug|Any CPU.Build.0 = Debug|Any CPU
		{7C9C67E3-CC09-46D6-9986-CBF7F84D9259}.Release|Any CPU.ActiveCfg = Release|Any CPU
		{7C9C67E3-CC09-46D6-9986-CBF7F84D9259}.Release|Any CPU.Build.0 = Release|Any CPU
		{05DF70ED-8F54-494A-956F-03FB753C11EB}.Debug|Any CPU.ActiveCfg = Debug|Any CPU
		{05DF70ED-8F54-494A-956F-03FB753C11EB}.Debug|Any CPU.Build.0 = Debug|Any CPU
		{05DF70ED-8F54-494A-956F-03FB753C11EB}.Release|Any CPU.ActiveCfg = Release|Any CPU
		{05DF70ED-8F54-494A-956F-03FB753C11EB}.Release|Any CPU.Build.0 = Release|Any CPU
		{7C61F289-9960-4AC2-BF77-EA13B77321BD}.Debug|Any CPU.ActiveCfg = Debug|Any CPU
		{7C61F289-9960-4AC2-BF77-EA13B77321BD}.Debug|Any CPU.Build.0 = Debug|Any CPU
		{7C61F289-9960-4AC2-BF77-EA13B77321BD}.Release|Any CPU.ActiveCfg = Release|Any CPU
		{7C61F289-9960-4AC2-BF77-EA13B77321BD}.Release|Any CPU.Build.0 = Release|Any CPU
		{543821B2-29E6-4D15-976D-E732E3BB2D73}.Debug|Any CPU.ActiveCfg = Debug|Any CPU
		{543821B2-29E6-4D15-976D-E732E3BB2D73}.Debug|Any CPU.Build.0 = Debug|Any CPU
		{543821B2-29E6-4D15-976D-E732E3BB2D73}.Release|Any CPU.ActiveCfg = Release|Any CPU
		{543821B2-29E6-4D15-976D-E732E3BB2D73}.Release|Any CPU.Build.0 = Release|Any CPU
	EndGlobalSection
	GlobalSection(SolutionProperties) = preSolution
		HideSolutionNode = FALSE
	EndGlobalSection
	GlobalSection(ExtensibilityGlobals) = postSolution
		SolutionGuid = {9DF53857-7ADC-4BD5-AF9F-0543B5A834EE}
	EndGlobalSection
EndGlobal
