
Microsoft Visual Studio Solution File, Format Version 12.00
# Visual Studio Version 17
VisualStudioVersion = 17.3.32819.101
MinimumVisualStudioVersion = 10.0.40219.1
Project("{FAE04EC0-301F-11D3-BF4B-00C04F79EFBC}") = "INTERFACES", "INTERFACES\INTERFACES.csproj", "{6AC3B7FE-81F9-4E48-A45F-AB987F62E0E5}"
EndProject
Global
	GlobalSection(SolutionConfigurationPlatforms) = preSolution
		Debug|Any CPU = Debug|Any CPU
		Release|Any CPU = Release|Any CPU
	EndGlobalSection
	GlobalSection(ProjectConfigurationPlatforms) = postSolution
		{6AC3B7FE-81F9-4E48-A45F-AB987F62E0E5}.Debug|Any CPU.ActiveCfg = Debug|Any CPU
		{6AC3B7FE-81F9-4E48-A45F-AB987F62E0E5}.Debug|Any CPU.Build.0 = Debug|Any CPU
		{6AC3B7FE-81F9-4E48-A45F-AB987F62E0E5}.Release|Any CPU.ActiveCfg = Release|Any CPU
		{6AC3B7FE-81F9-4E48-A45F-AB987F62E0E5}.Release|Any CPU.Build.0 = Release|Any CPU
	EndGlobalSection
	GlobalSection(SolutionProperties) = preSolution
		HideSolutionNode = FALSE
	EndGlobalSection
	GlobalSection(ExtensibilityGlobals) = postSolution
		SolutionGuid = {AA401CC7-FFA7-44C2-B97F-F0DDE89A7053}
	EndGlobalSection
EndGlobal
